// !$*UTF8*$!
{
	archiveVersion = 1;
	classes = {
	};
	objectVersion = 46;
	objects = {

/* Begin PBXBuildFile section */
		340F0BC31ED1EA42005DEE09 /* airport-fire-truck.aac in Resources */ = {isa = PBXBuildFile; fileRef = 340F0BB71ED1EA42005DEE09 /* airport-fire-truck.aac */; };
		340F0BC41ED1EA42005DEE09 /* ambulance.aac in Resources */ = {isa = PBXBuildFile; fileRef = 340F0BB81ED1EA42005DEE09 /* ambulance.aac */; };
		340F0BC51ED1EA42005DEE09 /* fire-boat.aac in Resources */ = {isa = PBXBuildFile; fileRef = 340F0BB91ED1EA42005DEE09 /* fire-boat.aac */; };
		340F0BC61ED1EA42005DEE09 /* fire-chiefs-truck.aac in Resources */ = {isa = PBXBuildFile; fileRef = 340F0BBA1ED1EA42005DEE09 /* fire-chiefs-truck.aac */; };
		340F0BC71ED1EA42005DEE09 /* ladder-truck.aac in Resources */ = {isa = PBXBuildFile; fileRef = 340F0BBB1ED1EA42005DEE09 /* ladder-truck.aac */; };
		340F0BC81ED1EA42005DEE09 /* military-helicopter.aac in Resources */ = {isa = PBXBuildFile; fileRef = 340F0BBC1ED1EA42005DEE09 /* military-helicopter.aac */; };
		340F0BC91ED1EA42005DEE09 /* police-boat.aac in Resources */ = {isa = PBXBuildFile; fileRef = 340F0BBD1ED1EA42005DEE09 /* police-boat.aac */; };
		340F0BCA1ED1EA42005DEE09 /* police-car.aac in Resources */ = {isa = PBXBuildFile; fileRef = 340F0BBE1ED1EA42005DEE09 /* police-car.aac */; };
		340F0BCB1ED1EA42005DEE09 /* pumper-truck.aac in Resources */ = {isa = PBXBuildFile; fileRef = 340F0BBF1ED1EA42005DEE09 /* pumper-truck.aac */; };
		340F0BCC1ED1EA42005DEE09 /* rescue-helicopter.aac in Resources */ = {isa = PBXBuildFile; fileRef = 340F0BC01ED1EA42005DEE09 /* rescue-helicopter.aac */; };
		340F0BCD1ED1EA42005DEE09 /* snowplow.aac in Resources */ = {isa = PBXBuildFile; fileRef = 340F0BC11ED1EA42005DEE09 /* snowplow.aac */; };
		340F0BCE1ED1EA42005DEE09 /* tow-truck.aac in Resources */ = {isa = PBXBuildFile; fileRef = 340F0BC21ED1EA42005DEE09 /* tow-truck.aac */; };
		340F0BDB1ED1EA4F005DEE09 /* backhoe-loader.aac in Resources */ = {isa = PBXBuildFile; fileRef = 340F0BCF1ED1EA4F005DEE09 /* backhoe-loader.aac */; };
		340F0BDC1ED1EA4F005DEE09 /* bulldozer.aac in Resources */ = {isa = PBXBuildFile; fileRef = 340F0BD01ED1EA4F005DEE09 /* bulldozer.aac */; };
		340F0BDD1ED1EA4F005DEE09 /* cement-mixer.aac in Resources */ = {isa = PBXBuildFile; fileRef = 340F0BD11ED1EA4F005DEE09 /* cement-mixer.aac */; };
		340F0BDE1ED1EA4F005DEE09 /* crane-truck.aac in Resources */ = {isa = PBXBuildFile; fileRef = 340F0BD21ED1EA4F005DEE09 /* crane-truck.aac */; };
		340F0BDF1ED1EA4F005DEE09 /* dump-truck.aac in Resources */ = {isa = PBXBuildFile; fileRef = 340F0BD31ED1EA4F005DEE09 /* dump-truck.aac */; };
		340F0BE01ED1EA4F005DEE09 /* excavator.aac in Resources */ = {isa = PBXBuildFile; fileRef = 340F0BD41ED1EA4F005DEE09 /* excavator.aac */; };
		340F0BE11ED1EA4F005DEE09 /* forklift.aac in Resources */ = {isa = PBXBuildFile; fileRef = 340F0BD51ED1EA4F005DEE09 /* forklift.aac */; };
		340F0BE21ED1EA4F005DEE09 /* front-end-loader.aac in Resources */ = {isa = PBXBuildFile; fileRef = 340F0BD61ED1EA4F005DEE09 /* front-end-loader.aac */; };
		340F0BE31ED1EA4F005DEE09 /* grader.aac in Resources */ = {isa = PBXBuildFile; fileRef = 340F0BD71ED1EA4F005DEE09 /* grader.aac */; };
		340F0BE41ED1EA4F005DEE09 /* paver.aac in Resources */ = {isa = PBXBuildFile; fileRef = 340F0BD81ED1EA4F005DEE09 /* paver.aac */; };
		340F0BE51ED1EA4F005DEE09 /* skid-steer.aac in Resources */ = {isa = PBXBuildFile; fileRef = 340F0BD91ED1EA4F005DEE09 /* skid-steer.aac */; };
		340F0BE61ED1EA4F005DEE09 /* steamroller.aac in Resources */ = {isa = PBXBuildFile; fileRef = 340F0BDA1ED1EA4F005DEE09 /* steamroller.aac */; };
		340F0BF31ED1EA5B005DEE09 /* big-rig.aac in Resources */ = {isa = PBXBuildFile; fileRef = 340F0BE71ED1EA5B005DEE09 /* big-rig.aac */; };
		340F0BF41ED1EA5B005DEE09 /* bucket-truck.aac in Resources */ = {isa = PBXBuildFile; fileRef = 340F0BE81ED1EA5B005DEE09 /* bucket-truck.aac */; };
		340F0BF51ED1EA5B005DEE09 /* car-transporter.aac in Resources */ = {isa = PBXBuildFile; fileRef = 340F0BE91ED1EA5B005DEE09 /* car-transporter.aac */; };
		340F0BF61ED1EA5B005DEE09 /* delivery-truck.aac in Resources */ = {isa = PBXBuildFile; fileRef = 340F0BEA1ED1EA5B005DEE09 /* delivery-truck.aac */; };
		340F0BF71ED1EA5B005DEE09 /* fuel-truck.aac in Resources */ = {isa = PBXBuildFile; fileRef = 340F0BEB1ED1EA5B005DEE09 /* fuel-truck.aac */; };
		340F0BF81ED1EA5B005DEE09 /* garbage-truck.aac in Resources */ = {isa = PBXBuildFile; fileRef = 340F0BEC1ED1EA5B005DEE09 /* garbage-truck.aac */; };
		340F0BF91ED1EA5B005DEE09 /* ice-cream-truck.aac in Resources */ = {isa = PBXBuildFile; fileRef = 340F0BED1ED1EA5B005DEE09 /* ice-cream-truck.aac */; };
		340F0BFA1ED1EA5B005DEE09 /* mail-truck.aac in Resources */ = {isa = PBXBuildFile; fileRef = 340F0BEE1ED1EA5B005DEE09 /* mail-truck.aac */; };
		340F0BFB1ED1EA5B005DEE09 /* pickup-truck.aac in Resources */ = {isa = PBXBuildFile; fileRef = 340F0BEF1ED1EA5B005DEE09 /* pickup-truck.aac */; };
		340F0BFC1ED1EA5B005DEE09 /* school-bus.aac in Resources */ = {isa = PBXBuildFile; fileRef = 340F0BF01ED1EA5B005DEE09 /* school-bus.aac */; };
		340F0BFD1ED1EA5B005DEE09 /* street-sweeper.aac in Resources */ = {isa = PBXBuildFile; fileRef = 340F0BF11ED1EA5B005DEE09 /* street-sweeper.aac */; };
		340F0BFE1ED1EA5B005DEE09 /* tractor.aac in Resources */ = {isa = PBXBuildFile; fileRef = 340F0BF21ED1EA5B005DEE09 /* tractor.aac */; };
		340F0C051ED1EA6A005DEE09 /* can-you-find-the.aac in Resources */ = {isa = PBXBuildFile; fileRef = 340F0BFF1ED1EA6A005DEE09 /* can-you-find-the.aac */; };
		340F0C061ED1EA6A005DEE09 /* good-job.aac in Resources */ = {isa = PBXBuildFile; fileRef = 340F0C001ED1EA6A005DEE09 /* good-job.aac */; };
		340F0C071ED1EA6A005DEE09 /* that-truck-is-a.aac in Resources */ = {isa = PBXBuildFile; fileRef = 340F0C011ED1EA6A005DEE09 /* that-truck-is-a.aac */; };
		340F0C081ED1EA6A005DEE09 /* thats-right.aac in Resources */ = {isa = PBXBuildFile; fileRef = 340F0C021ED1EA6A005DEE09 /* thats-right.aac */; };
		340F0C091ED1EA6A005DEE09 /* which-truck-is-the.aac in Resources */ = {isa = PBXBuildFile; fileRef = 340F0C031ED1EA6A005DEE09 /* which-truck-is-the.aac */; };
		340F0C0A1ED1EA6A005DEE09 /* you-touched-the.aac in Resources */ = {isa = PBXBuildFile; fileRef = 340F0C041ED1EA6A005DEE09 /* you-touched-the.aac */; };
		3410C60E1ECA4224007BC759 /* Lorimer_No2_Stencil.otf in Resources */ = {isa = PBXBuildFile; fileRef = 3410C60D1ECA4224007BC759 /* Lorimer_No2_Stencil.otf */; };
		3453539F1EC3BE27007D9021 /* PopdownView.xib in Resources */ = {isa = PBXBuildFile; fileRef = 3453539E1EC3BE26007D9021 /* PopdownView.xib */; };
		345353A11EC3BE4F007D9021 /* PopdownView.swift in Sources */ = {isa = PBXBuildFile; fileRef = 345353A01EC3BE4F007D9021 /* PopdownView.swift */; };
		3463450C1EC955C900FA5FA2 /* big-rig.gif in Resources */ = {isa = PBXBuildFile; fileRef = 346345001EC955C900FA5FA2 /* big-rig.gif */; };
		3463450D1EC955C900FA5FA2 /* bucket-truck.gif in Resources */ = {isa = PBXBuildFile; fileRef = 346345011EC955C900FA5FA2 /* bucket-truck.gif */; };
		3463450E1EC955C900FA5FA2 /* car-transporter.gif in Resources */ = {isa = PBXBuildFile; fileRef = 346345021EC955C900FA5FA2 /* car-transporter.gif */; };
		3463450F1EC955C900FA5FA2 /* delivery-truck.gif in Resources */ = {isa = PBXBuildFile; fileRef = 346345031EC955C900FA5FA2 /* delivery-truck.gif */; };
		346345101EC955C900FA5FA2 /* fuel-truck.gif in Resources */ = {isa = PBXBuildFile; fileRef = 346345041EC955C900FA5FA2 /* fuel-truck.gif */; };
		346345111EC955C900FA5FA2 /* garbage-truck.gif in Resources */ = {isa = PBXBuildFile; fileRef = 346345051EC955C900FA5FA2 /* garbage-truck.gif */; };
		346345121EC955C900FA5FA2 /* ice-cream-truck.gif in Resources */ = {isa = PBXBuildFile; fileRef = 346345061EC955C900FA5FA2 /* ice-cream-truck.gif */; };
		346345131EC955C900FA5FA2 /* mail-truck.gif in Resources */ = {isa = PBXBuildFile; fileRef = 346345071EC955C900FA5FA2 /* mail-truck.gif */; };
		346345141EC955C900FA5FA2 /* pickup-truck.gif in Resources */ = {isa = PBXBuildFile; fileRef = 346345081EC955C900FA5FA2 /* pickup-truck.gif */; };
		346345151EC955CA00FA5FA2 /* school-bus.gif in Resources */ = {isa = PBXBuildFile; fileRef = 346345091EC955C900FA5FA2 /* school-bus.gif */; };
		346345161EC955CA00FA5FA2 /* street-sweeper.gif in Resources */ = {isa = PBXBuildFile; fileRef = 3463450A1EC955C900FA5FA2 /* street-sweeper.gif */; };
		346345171EC955CA00FA5FA2 /* tractor.gif in Resources */ = {isa = PBXBuildFile; fileRef = 3463450B1EC955C900FA5FA2 /* tractor.gif */; };
		346345241EC955E200FA5FA2 /* airport-fire-truck.gif in Resources */ = {isa = PBXBuildFile; fileRef = 346345181EC955E200FA5FA2 /* airport-fire-truck.gif */; };
		346345251EC955E200FA5FA2 /* ambulance.gif in Resources */ = {isa = PBXBuildFile; fileRef = 346345191EC955E200FA5FA2 /* ambulance.gif */; };
		346345261EC955E200FA5FA2 /* fire-boat.gif in Resources */ = {isa = PBXBuildFile; fileRef = 3463451A1EC955E200FA5FA2 /* fire-boat.gif */; };
		346345271EC955E200FA5FA2 /* fire-chiefs-truck.gif in Resources */ = {isa = PBXBuildFile; fileRef = 3463451B1EC955E200FA5FA2 /* fire-chiefs-truck.gif */; };
		346345281EC955E200FA5FA2 /* ladder-truck.gif in Resources */ = {isa = PBXBuildFile; fileRef = 3463451C1EC955E200FA5FA2 /* ladder-truck.gif */; };
		346345291EC955E200FA5FA2 /* military-helicopter.gif in Resources */ = {isa = PBXBuildFile; fileRef = 3463451D1EC955E200FA5FA2 /* military-helicopter.gif */; };
		3463452A1EC955E200FA5FA2 /* police-boat.gif in Resources */ = {isa = PBXBuildFile; fileRef = 3463451E1EC955E200FA5FA2 /* police-boat.gif */; };
		3463452B1EC955E200FA5FA2 /* police-car.gif in Resources */ = {isa = PBXBuildFile; fileRef = 3463451F1EC955E200FA5FA2 /* police-car.gif */; };
		3463452C1EC955E200FA5FA2 /* pumper-truck.gif in Resources */ = {isa = PBXBuildFile; fileRef = 346345201EC955E200FA5FA2 /* pumper-truck.gif */; };
		3463452D1EC955E200FA5FA2 /* rescue-helicopter.gif in Resources */ = {isa = PBXBuildFile; fileRef = 346345211EC955E200FA5FA2 /* rescue-helicopter.gif */; };
		3463452E1EC955E200FA5FA2 /* snowplow.gif in Resources */ = {isa = PBXBuildFile; fileRef = 346345221EC955E200FA5FA2 /* snowplow.gif */; };
		3463452F1EC955E200FA5FA2 /* tow-truck.gif in Resources */ = {isa = PBXBuildFile; fileRef = 346345231EC955E200FA5FA2 /* tow-truck.gif */; };
		3464425A1ED3A3630003B1A9 /* AnimationManager.swift in Sources */ = {isa = PBXBuildFile; fileRef = 346442591ED3A3620003B1A9 /* AnimationManager.swift */; };
		349047D41EC23F1E00F8F395 /* AppDelegate.swift in Sources */ = {isa = PBXBuildFile; fileRef = 349047D31EC23F1E00F8F395 /* AppDelegate.swift */; };
		349047D91EC23F1E00F8F395 /* Main.storyboard in Resources */ = {isa = PBXBuildFile; fileRef = 349047D71EC23F1E00F8F395 /* Main.storyboard */; };
		349047DB1EC23F1E00F8F395 /* Assets.xcassets in Resources */ = {isa = PBXBuildFile; fileRef = 349047DA1EC23F1E00F8F395 /* Assets.xcassets */; };
		349047DE1EC23F1E00F8F395 /* LaunchScreen.storyboard in Resources */ = {isa = PBXBuildFile; fileRef = 349047DC1EC23F1E00F8F395 /* LaunchScreen.storyboard */; };
		349047E91EC240C700F8F395 /* TruckModel.swift in Sources */ = {isa = PBXBuildFile; fileRef = 349047E81EC240C700F8F395 /* TruckModel.swift */; };
		349047EB1EC240F100F8F395 /* ConstructionTrucks.swift in Sources */ = {isa = PBXBuildFile; fileRef = 349047EA1EC240F100F8F395 /* ConstructionTrucks.swift */; };
		349047ED1EC240FA00F8F395 /* GameModel.swift in Sources */ = {isa = PBXBuildFile; fileRef = 349047EC1EC240FA00F8F395 /* GameModel.swift */; };
		349047F21EC2413800F8F395 /* FlickrRequestModel.swift in Sources */ = {isa = PBXBuildFile; fileRef = 349047F11EC2413800F8F395 /* FlickrRequestModel.swift */; };
		349047F41EC2414100F8F395 /* FlickrClient.swift in Sources */ = {isa = PBXBuildFile; fileRef = 349047F31EC2414100F8F395 /* FlickrClient.swift */; };
		349047F61EC2414A00F8F395 /* FlickrConvenience.swift in Sources */ = {isa = PBXBuildFile; fileRef = 349047F51EC2414A00F8F395 /* FlickrConvenience.swift */; };
		349047F91EC2419700F8F395 /* GameViewController.swift in Sources */ = {isa = PBXBuildFile; fileRef = 349047F81EC2419700F8F395 /* GameViewController.swift */; };
		349047FD1EC241AB00F8F395 /* PhotoViewController.swift in Sources */ = {isa = PBXBuildFile; fileRef = 349047FC1EC241AB00F8F395 /* PhotoViewController.swift */; };
		349048001EC241F700F8F395 /* ActivityIndicator.swift in Sources */ = {isa = PBXBuildFile; fileRef = 349047FF1EC241F700F8F395 /* ActivityIndicator.swift */; };
		349048021EC2420100F8F395 /* Alerts.swift in Sources */ = {isa = PBXBuildFile; fileRef = 349048011EC2420100F8F395 /* Alerts.swift */; };
		349048041EC2420900F8F395 /* CollectionFlowLayout.swift in Sources */ = {isa = PBXBuildFile; fileRef = 349048031EC2420900F8F395 /* CollectionFlowLayout.swift */; };
		349048061EC2421200F8F395 /* PhotoViewCell.swift in Sources */ = {isa = PBXBuildFile; fileRef = 349048051EC2421200F8F395 /* PhotoViewCell.swift */; };
		349048081EC2421A00F8F395 /* TruckViewCell.swift in Sources */ = {isa = PBXBuildFile; fileRef = 349048071EC2421A00F8F395 /* TruckViewCell.swift */; };
		3490480B1EC2424400F8F395 /* Private.swift in Sources */ = {isa = PBXBuildFile; fileRef = 3490480A1EC2424400F8F395 /* Private.swift */; };
		3490480D1EC2424C00F8F395 /* Reachability.swift in Sources */ = {isa = PBXBuildFile; fileRef = 3490480C1EC2424C00F8F395 /* Reachability.swift */; };
		349048111EC2475900F8F395 /* Model.xcdatamodeld in Sources */ = {isa = PBXBuildFile; fileRef = 3490480F1EC2475900F8F395 /* Model.xcdatamodeld */; };
		349048161EC2481E00F8F395 /* TruckType+CoreDataClass.swift in Sources */ = {isa = PBXBuildFile; fileRef = 349048121EC2481E00F8F395 /* TruckType+CoreDataClass.swift */; };
		349048171EC2481E00F8F395 /* TruckType+CoreDataProperties.swift in Sources */ = {isa = PBXBuildFile; fileRef = 349048131EC2481E00F8F395 /* TruckType+CoreDataProperties.swift */; };
		349048181EC2481E00F8F395 /* FlickrPhoto+CoreDataClass.swift in Sources */ = {isa = PBXBuildFile; fileRef = 349048141EC2481E00F8F395 /* FlickrPhoto+CoreDataClass.swift */; };
		349048191EC2481E00F8F395 /* FlickrPhoto+CoreDataProperties.swift in Sources */ = {isa = PBXBuildFile; fileRef = 349048151EC2481E00F8F395 /* FlickrPhoto+CoreDataProperties.swift */; };
		3490481B1EC2488200F8F395 /* CoreDataStack.swift in Sources */ = {isa = PBXBuildFile; fileRef = 3490481A1EC2488200F8F395 /* CoreDataStack.swift */; };
		34A689811ED0E30800D86147 /* trucks-are-on-the-road.m4a in Resources */ = {isa = PBXBuildFile; fileRef = 34A689801ED0E30700D86147 /* trucks-are-on-the-road.m4a */; };
		34A689841ED0EE9700D86147 /* PhotoView.xib in Resources */ = {isa = PBXBuildFile; fileRef = 34A689831ED0EE9600D86147 /* PhotoView.xib */; };
		34A689861ED0EED600D86147 /* PhotoView.swift in Sources */ = {isa = PBXBuildFile; fileRef = 34A689851ED0EED600D86147 /* PhotoView.swift */; };
		34ADEEE61EC51259003E4A19 /* backhoe-loader.gif in Resources */ = {isa = PBXBuildFile; fileRef = 34ADEEDA1EC51259003E4A19 /* backhoe-loader.gif */; };
		34ADEEE71EC51259003E4A19 /* bulldozer.gif in Resources */ = {isa = PBXBuildFile; fileRef = 34ADEEDB1EC51259003E4A19 /* bulldozer.gif */; };
		34ADEEE81EC51259003E4A19 /* cement-mixer.gif in Resources */ = {isa = PBXBuildFile; fileRef = 34ADEEDC1EC51259003E4A19 /* cement-mixer.gif */; };
		34ADEEE91EC51259003E4A19 /* crane-truck.gif in Resources */ = {isa = PBXBuildFile; fileRef = 34ADEEDD1EC51259003E4A19 /* crane-truck.gif */; };
		34ADEEEA1EC51259003E4A19 /* dump-truck.gif in Resources */ = {isa = PBXBuildFile; fileRef = 34ADEEDE1EC51259003E4A19 /* dump-truck.gif */; };
		34ADEEEB1EC51259003E4A19 /* excavator.gif in Resources */ = {isa = PBXBuildFile; fileRef = 34ADEEDF1EC51259003E4A19 /* excavator.gif */; };
		34ADEEEC1EC51259003E4A19 /* forklift.gif in Resources */ = {isa = PBXBuildFile; fileRef = 34ADEEE01EC51259003E4A19 /* forklift.gif */; };
		34ADEEED1EC51259003E4A19 /* grader.gif in Resources */ = {isa = PBXBuildFile; fileRef = 34ADEEE11EC51259003E4A19 /* grader.gif */; };
		34ADEEEE1EC51259003E4A19 /* front-end-loader.gif in Resources */ = {isa = PBXBuildFile; fileRef = 34ADEEE21EC51259003E4A19 /* front-end-loader.gif */; };
		34ADEEEF1EC51259003E4A19 /* paver.gif in Resources */ = {isa = PBXBuildFile; fileRef = 34ADEEE31EC51259003E4A19 /* paver.gif */; };
		34ADEEF01EC51259003E4A19 /* skid-steer.gif in Resources */ = {isa = PBXBuildFile; fileRef = 34ADEEE41EC51259003E4A19 /* skid-steer.gif */; };
		34ADEEF11EC51259003E4A19 /* steamroller.gif in Resources */ = {isa = PBXBuildFile; fileRef = 34ADEEE51EC51259003E4A19 /* steamroller.gif */; };
		34C13C1D1EC76D1E0091CC2A /* EmergencyTrucks.swift in Sources */ = {isa = PBXBuildFile; fileRef = 34C13C1C1EC76D1E0091CC2A /* EmergencyTrucks.swift */; };
		34C13C1F1EC788F60091CC2A /* MenuViewController.swift in Sources */ = {isa = PBXBuildFile; fileRef = 34C13C1E1EC788F50091CC2A /* MenuViewController.swift */; };
		34C13C211EC78BC80091CC2A /* CityTrucks.swift in Sources */ = {isa = PBXBuildFile; fileRef = 34C13C201EC78BC80091CC2A /* CityTrucks.swift */; };
		34F9D6321ECE1C23004ABE98 /* truck-horn.mp3 in Resources */ = {isa = PBXBuildFile; fileRef = 34F9D62F1ECE1C23004ABE98 /* truck-horn.mp3 */; };
		34F9D6331ECE1C23004ABE98 /* sirens.mp3 in Resources */ = {isa = PBXBuildFile; fileRef = 34F9D6301ECE1C23004ABE98 /* sirens.mp3 */; };
		34F9D6341ECE1C23004ABE98 /* truck-driving.mp3 in Resources */ = {isa = PBXBuildFile; fileRef = 34F9D6311ECE1C23004ABE98 /* truck-driving.mp3 */; };
		34F9D6561ECF7637004ABE98 /* SoundManager.swift in Sources */ = {isa = PBXBuildFile; fileRef = 34F9D6551ECF7637004ABE98 /* SoundManager.swift */; };
		34F9D6591ECF7A95004ABE98 /* truck-horn1.mp3 in Resources */ = {isa = PBXBuildFile; fileRef = 34F9D6571ECF7A95004ABE98 /* truck-horn1.mp3 */; };
		34F9D65A1ECF7A95004ABE98 /* truck-horn2.mp3 in Resources */ = {isa = PBXBuildFile; fileRef = 34F9D6581ECF7A95004ABE98 /* truck-horn2.mp3 */; };
		34F9D65C1ECF8BBF004ABE98 /* GameDesign.swift in Sources */ = {isa = PBXBuildFile; fileRef = 34F9D65B1ECF8BBE004ABE98 /* GameDesign.swift */; };
		34F9D65F1ECFB2FC004ABE98 /* helicopter.mp3 in Resources */ = {isa = PBXBuildFile; fileRef = 34F9D65D1ECFB2FA004ABE98 /* helicopter.mp3 */; };
		34F9D6601ECFB2FC004ABE98 /* ice-cream-truck.mp3 in Resources */ = {isa = PBXBuildFile; fileRef = 34F9D65E1ECFB2FB004ABE98 /* ice-cream-truck.mp3 */; };
		58DDAFEDC450352C88420100 /* Pods_NameThatTruck.framework in Frameworks */ = {isa = PBXBuildFile; fileRef = BB6C8515707E5620798B144B /* Pods_NameThatTruck.framework */; };
/* End PBXBuildFile section */

/* Begin PBXFileReference section */
		340F0BB71ED1EA42005DEE09 /* airport-fire-truck.aac */ = {isa = PBXFileReference; lastKnownFileType = file; path = "airport-fire-truck.aac"; sourceTree = "<group>"; };
		340F0BB81ED1EA42005DEE09 /* ambulance.aac */ = {isa = PBXFileReference; lastKnownFileType = file; path = ambulance.aac; sourceTree = "<group>"; };
		340F0BB91ED1EA42005DEE09 /* fire-boat.aac */ = {isa = PBXFileReference; lastKnownFileType = file; path = "fire-boat.aac"; sourceTree = "<group>"; };
		340F0BBA1ED1EA42005DEE09 /* fire-chiefs-truck.aac */ = {isa = PBXFileReference; lastKnownFileType = file; path = "fire-chiefs-truck.aac"; sourceTree = "<group>"; };
		340F0BBB1ED1EA42005DEE09 /* ladder-truck.aac */ = {isa = PBXFileReference; lastKnownFileType = file; path = "ladder-truck.aac"; sourceTree = "<group>"; };
		340F0BBC1ED1EA42005DEE09 /* military-helicopter.aac */ = {isa = PBXFileReference; lastKnownFileType = file; path = "military-helicopter.aac"; sourceTree = "<group>"; };
		340F0BBD1ED1EA42005DEE09 /* police-boat.aac */ = {isa = PBXFileReference; lastKnownFileType = file; path = "police-boat.aac"; sourceTree = "<group>"; };
		340F0BBE1ED1EA42005DEE09 /* police-car.aac */ = {isa = PBXFileReference; lastKnownFileType = file; path = "police-car.aac"; sourceTree = "<group>"; };
		340F0BBF1ED1EA42005DEE09 /* pumper-truck.aac */ = {isa = PBXFileReference; lastKnownFileType = file; path = "pumper-truck.aac"; sourceTree = "<group>"; };
		340F0BC01ED1EA42005DEE09 /* rescue-helicopter.aac */ = {isa = PBXFileReference; lastKnownFileType = file; path = "rescue-helicopter.aac"; sourceTree = "<group>"; };
		340F0BC11ED1EA42005DEE09 /* snowplow.aac */ = {isa = PBXFileReference; lastKnownFileType = file; path = snowplow.aac; sourceTree = "<group>"; };
		340F0BC21ED1EA42005DEE09 /* tow-truck.aac */ = {isa = PBXFileReference; lastKnownFileType = file; path = "tow-truck.aac"; sourceTree = "<group>"; };
		340F0BCF1ED1EA4F005DEE09 /* backhoe-loader.aac */ = {isa = PBXFileReference; lastKnownFileType = file; path = "backhoe-loader.aac"; sourceTree = "<group>"; };
		340F0BD01ED1EA4F005DEE09 /* bulldozer.aac */ = {isa = PBXFileReference; lastKnownFileType = file; path = bulldozer.aac; sourceTree = "<group>"; };
		340F0BD11ED1EA4F005DEE09 /* cement-mixer.aac */ = {isa = PBXFileReference; lastKnownFileType = file; path = "cement-mixer.aac"; sourceTree = "<group>"; };
		340F0BD21ED1EA4F005DEE09 /* crane-truck.aac */ = {isa = PBXFileReference; lastKnownFileType = file; path = "crane-truck.aac"; sourceTree = "<group>"; };
		340F0BD31ED1EA4F005DEE09 /* dump-truck.aac */ = {isa = PBXFileReference; lastKnownFileType = file; path = "dump-truck.aac"; sourceTree = "<group>"; };
		340F0BD41ED1EA4F005DEE09 /* excavator.aac */ = {isa = PBXFileReference; lastKnownFileType = file; path = excavator.aac; sourceTree = "<group>"; };
		340F0BD51ED1EA4F005DEE09 /* forklift.aac */ = {isa = PBXFileReference; lastKnownFileType = file; path = forklift.aac; sourceTree = "<group>"; };
		340F0BD61ED1EA4F005DEE09 /* front-end-loader.aac */ = {isa = PBXFileReference; lastKnownFileType = file; path = "front-end-loader.aac"; sourceTree = "<group>"; };
		340F0BD71ED1EA4F005DEE09 /* grader.aac */ = {isa = PBXFileReference; lastKnownFileType = file; path = grader.aac; sourceTree = "<group>"; };
		340F0BD81ED1EA4F005DEE09 /* paver.aac */ = {isa = PBXFileReference; lastKnownFileType = file; path = paver.aac; sourceTree = "<group>"; };
		340F0BD91ED1EA4F005DEE09 /* skid-steer.aac */ = {isa = PBXFileReference; lastKnownFileType = file; path = "skid-steer.aac"; sourceTree = "<group>"; };
		340F0BDA1ED1EA4F005DEE09 /* steamroller.aac */ = {isa = PBXFileReference; lastKnownFileType = file; path = steamroller.aac; sourceTree = "<group>"; };
		340F0BE71ED1EA5B005DEE09 /* big-rig.aac */ = {isa = PBXFileReference; lastKnownFileType = file; path = "big-rig.aac"; sourceTree = "<group>"; };
		340F0BE81ED1EA5B005DEE09 /* bucket-truck.aac */ = {isa = PBXFileReference; lastKnownFileType = file; path = "bucket-truck.aac"; sourceTree = "<group>"; };
		340F0BE91ED1EA5B005DEE09 /* car-transporter.aac */ = {isa = PBXFileReference; lastKnownFileType = file; path = "car-transporter.aac"; sourceTree = "<group>"; };
		340F0BEA1ED1EA5B005DEE09 /* delivery-truck.aac */ = {isa = PBXFileReference; lastKnownFileType = file; path = "delivery-truck.aac"; sourceTree = "<group>"; };
		340F0BEB1ED1EA5B005DEE09 /* fuel-truck.aac */ = {isa = PBXFileReference; lastKnownFileType = file; path = "fuel-truck.aac"; sourceTree = "<group>"; };
		340F0BEC1ED1EA5B005DEE09 /* garbage-truck.aac */ = {isa = PBXFileReference; lastKnownFileType = file; path = "garbage-truck.aac"; sourceTree = "<group>"; };
		340F0BED1ED1EA5B005DEE09 /* ice-cream-truck.aac */ = {isa = PBXFileReference; lastKnownFileType = file; path = "ice-cream-truck.aac"; sourceTree = "<group>"; };
		340F0BEE1ED1EA5B005DEE09 /* mail-truck.aac */ = {isa = PBXFileReference; lastKnownFileType = file; path = "mail-truck.aac"; sourceTree = "<group>"; };
		340F0BEF1ED1EA5B005DEE09 /* pickup-truck.aac */ = {isa = PBXFileReference; lastKnownFileType = file; path = "pickup-truck.aac"; sourceTree = "<group>"; };
		340F0BF01ED1EA5B005DEE09 /* school-bus.aac */ = {isa = PBXFileReference; lastKnownFileType = file; path = "school-bus.aac"; sourceTree = "<group>"; };
		340F0BF11ED1EA5B005DEE09 /* street-sweeper.aac */ = {isa = PBXFileReference; lastKnownFileType = file; path = "street-sweeper.aac"; sourceTree = "<group>"; };
		340F0BF21ED1EA5B005DEE09 /* tractor.aac */ = {isa = PBXFileReference; lastKnownFileType = file; path = tractor.aac; sourceTree = "<group>"; };
		340F0BFF1ED1EA6A005DEE09 /* can-you-find-the.aac */ = {isa = PBXFileReference; lastKnownFileType = file; path = "can-you-find-the.aac"; sourceTree = "<group>"; };
		340F0C001ED1EA6A005DEE09 /* good-job.aac */ = {isa = PBXFileReference; lastKnownFileType = file; path = "good-job.aac"; sourceTree = "<group>"; };
		340F0C011ED1EA6A005DEE09 /* that-truck-is-a.aac */ = {isa = PBXFileReference; lastKnownFileType = file; path = "that-truck-is-a.aac"; sourceTree = "<group>"; };
		340F0C021ED1EA6A005DEE09 /* thats-right.aac */ = {isa = PBXFileReference; lastKnownFileType = file; path = "thats-right.aac"; sourceTree = "<group>"; };
		340F0C031ED1EA6A005DEE09 /* which-truck-is-the.aac */ = {isa = PBXFileReference; lastKnownFileType = file; path = "which-truck-is-the.aac"; sourceTree = "<group>"; };
		340F0C041ED1EA6A005DEE09 /* you-touched-the.aac */ = {isa = PBXFileReference; lastKnownFileType = file; path = "you-touched-the.aac"; sourceTree = "<group>"; };
		3410C60D1ECA4224007BC759 /* Lorimer_No2_Stencil.otf */ = {isa = PBXFileReference; lastKnownFileType = file; path = Lorimer_No2_Stencil.otf; sourceTree = "<group>"; };
		3453539E1EC3BE26007D9021 /* PopdownView.xib */ = {isa = PBXFileReference; fileEncoding = 4; lastKnownFileType = file.xib; path = PopdownView.xib; sourceTree = "<group>"; };
		345353A01EC3BE4F007D9021 /* PopdownView.swift */ = {isa = PBXFileReference; fileEncoding = 4; lastKnownFileType = sourcecode.swift; name = PopdownView.swift; path = ../PopdownView.swift; sourceTree = "<group>"; };
		346345001EC955C900FA5FA2 /* big-rig.gif */ = {isa = PBXFileReference; lastKnownFileType = image.gif; path = "big-rig.gif"; sourceTree = "<group>"; };
		346345011EC955C900FA5FA2 /* bucket-truck.gif */ = {isa = PBXFileReference; lastKnownFileType = image.gif; path = "bucket-truck.gif"; sourceTree = "<group>"; };
		346345021EC955C900FA5FA2 /* car-transporter.gif */ = {isa = PBXFileReference; lastKnownFileType = image.gif; path = "car-transporter.gif"; sourceTree = "<group>"; };
		346345031EC955C900FA5FA2 /* delivery-truck.gif */ = {isa = PBXFileReference; lastKnownFileType = image.gif; path = "delivery-truck.gif"; sourceTree = "<group>"; };
		346345041EC955C900FA5FA2 /* fuel-truck.gif */ = {isa = PBXFileReference; lastKnownFileType = image.gif; path = "fuel-truck.gif"; sourceTree = "<group>"; };
		346345051EC955C900FA5FA2 /* garbage-truck.gif */ = {isa = PBXFileReference; lastKnownFileType = image.gif; path = "garbage-truck.gif"; sourceTree = "<group>"; };
		346345061EC955C900FA5FA2 /* ice-cream-truck.gif */ = {isa = PBXFileReference; lastKnownFileType = image.gif; path = "ice-cream-truck.gif"; sourceTree = "<group>"; };
		346345071EC955C900FA5FA2 /* mail-truck.gif */ = {isa = PBXFileReference; lastKnownFileType = image.gif; path = "mail-truck.gif"; sourceTree = "<group>"; };
		346345081EC955C900FA5FA2 /* pickup-truck.gif */ = {isa = PBXFileReference; lastKnownFileType = image.gif; path = "pickup-truck.gif"; sourceTree = "<group>"; };
		346345091EC955C900FA5FA2 /* school-bus.gif */ = {isa = PBXFileReference; lastKnownFileType = image.gif; path = "school-bus.gif"; sourceTree = "<group>"; };
		3463450A1EC955C900FA5FA2 /* street-sweeper.gif */ = {isa = PBXFileReference; lastKnownFileType = image.gif; path = "street-sweeper.gif"; sourceTree = "<group>"; };
		3463450B1EC955C900FA5FA2 /* tractor.gif */ = {isa = PBXFileReference; lastKnownFileType = image.gif; path = tractor.gif; sourceTree = "<group>"; };
		346345181EC955E200FA5FA2 /* airport-fire-truck.gif */ = {isa = PBXFileReference; lastKnownFileType = image.gif; path = "airport-fire-truck.gif"; sourceTree = "<group>"; };
		346345191EC955E200FA5FA2 /* ambulance.gif */ = {isa = PBXFileReference; lastKnownFileType = image.gif; path = ambulance.gif; sourceTree = "<group>"; };
		3463451A1EC955E200FA5FA2 /* fire-boat.gif */ = {isa = PBXFileReference; lastKnownFileType = image.gif; path = "fire-boat.gif"; sourceTree = "<group>"; };
		3463451B1EC955E200FA5FA2 /* fire-chiefs-truck.gif */ = {isa = PBXFileReference; lastKnownFileType = image.gif; path = "fire-chiefs-truck.gif"; sourceTree = "<group>"; };
		3463451C1EC955E200FA5FA2 /* ladder-truck.gif */ = {isa = PBXFileReference; lastKnownFileType = image.gif; path = "ladder-truck.gif"; sourceTree = "<group>"; };
		3463451D1EC955E200FA5FA2 /* military-helicopter.gif */ = {isa = PBXFileReference; lastKnownFileType = image.gif; path = "military-helicopter.gif"; sourceTree = "<group>"; };
		3463451E1EC955E200FA5FA2 /* police-boat.gif */ = {isa = PBXFileReference; lastKnownFileType = image.gif; path = "police-boat.gif"; sourceTree = "<group>"; };
		3463451F1EC955E200FA5FA2 /* police-car.gif */ = {isa = PBXFileReference; lastKnownFileType = image.gif; path = "police-car.gif"; sourceTree = "<group>"; };
		346345201EC955E200FA5FA2 /* pumper-truck.gif */ = {isa = PBXFileReference; lastKnownFileType = image.gif; path = "pumper-truck.gif"; sourceTree = "<group>"; };
		346345211EC955E200FA5FA2 /* rescue-helicopter.gif */ = {isa = PBXFileReference; lastKnownFileType = image.gif; path = "rescue-helicopter.gif"; sourceTree = "<group>"; };
		346345221EC955E200FA5FA2 /* snowplow.gif */ = {isa = PBXFileReference; lastKnownFileType = image.gif; path = snowplow.gif; sourceTree = "<group>"; };
		346345231EC955E200FA5FA2 /* tow-truck.gif */ = {isa = PBXFileReference; lastKnownFileType = image.gif; path = "tow-truck.gif"; sourceTree = "<group>"; };
		346442591ED3A3620003B1A9 /* AnimationManager.swift */ = {isa = PBXFileReference; fileEncoding = 4; lastKnownFileType = sourcecode.swift; path = AnimationManager.swift; sourceTree = "<group>"; };
		349047D01EC23F1E00F8F395 /* NameThatTruck.app */ = {isa = PBXFileReference; explicitFileType = wrapper.application; includeInIndex = 0; path = NameThatTruck.app; sourceTree = BUILT_PRODUCTS_DIR; };
		349047D31EC23F1E00F8F395 /* AppDelegate.swift */ = {isa = PBXFileReference; lastKnownFileType = sourcecode.swift; path = AppDelegate.swift; sourceTree = "<group>"; };
		349047D81EC23F1E00F8F395 /* Base */ = {isa = PBXFileReference; lastKnownFileType = file.storyboard; name = Base; path = Base.lproj/Main.storyboard; sourceTree = "<group>"; };
		349047DA1EC23F1E00F8F395 /* Assets.xcassets */ = {isa = PBXFileReference; lastKnownFileType = folder.assetcatalog; path = Assets.xcassets; sourceTree = "<group>"; };
		349047DD1EC23F1E00F8F395 /* Base */ = {isa = PBXFileReference; lastKnownFileType = file.storyboard; name = Base; path = Base.lproj/LaunchScreen.storyboard; sourceTree = "<group>"; };
		349047DF1EC23F1E00F8F395 /* Info.plist */ = {isa = PBXFileReference; lastKnownFileType = text.plist.xml; path = Info.plist; sourceTree = "<group>"; };
		349047E81EC240C700F8F395 /* TruckModel.swift */ = {isa = PBXFileReference; fileEncoding = 4; lastKnownFileType = sourcecode.swift; path = TruckModel.swift; sourceTree = "<group>"; };
		349047EA1EC240F100F8F395 /* ConstructionTrucks.swift */ = {isa = PBXFileReference; fileEncoding = 4; lastKnownFileType = sourcecode.swift; path = ConstructionTrucks.swift; sourceTree = "<group>"; };
		349047EC1EC240FA00F8F395 /* GameModel.swift */ = {isa = PBXFileReference; fileEncoding = 4; lastKnownFileType = sourcecode.swift; path = GameModel.swift; sourceTree = "<group>"; };
		349047F11EC2413800F8F395 /* FlickrRequestModel.swift */ = {isa = PBXFileReference; fileEncoding = 4; lastKnownFileType = sourcecode.swift; path = FlickrRequestModel.swift; sourceTree = "<group>"; };
		349047F31EC2414100F8F395 /* FlickrClient.swift */ = {isa = PBXFileReference; fileEncoding = 4; lastKnownFileType = sourcecode.swift; path = FlickrClient.swift; sourceTree = "<group>"; };
		349047F51EC2414A00F8F395 /* FlickrConvenience.swift */ = {isa = PBXFileReference; fileEncoding = 4; lastKnownFileType = sourcecode.swift; path = FlickrConvenience.swift; sourceTree = "<group>"; };
		349047F81EC2419700F8F395 /* GameViewController.swift */ = {isa = PBXFileReference; fileEncoding = 4; lastKnownFileType = sourcecode.swift; path = GameViewController.swift; sourceTree = "<group>"; };
		349047FC1EC241AB00F8F395 /* PhotoViewController.swift */ = {isa = PBXFileReference; fileEncoding = 4; lastKnownFileType = sourcecode.swift; path = PhotoViewController.swift; sourceTree = "<group>"; };
		349047FF1EC241F700F8F395 /* ActivityIndicator.swift */ = {isa = PBXFileReference; fileEncoding = 4; lastKnownFileType = sourcecode.swift; path = ActivityIndicator.swift; sourceTree = "<group>"; };
		349048011EC2420100F8F395 /* Alerts.swift */ = {isa = PBXFileReference; fileEncoding = 4; lastKnownFileType = sourcecode.swift; path = Alerts.swift; sourceTree = "<group>"; };
		349048031EC2420900F8F395 /* CollectionFlowLayout.swift */ = {isa = PBXFileReference; fileEncoding = 4; lastKnownFileType = sourcecode.swift; path = CollectionFlowLayout.swift; sourceTree = "<group>"; };
		349048051EC2421200F8F395 /* PhotoViewCell.swift */ = {isa = PBXFileReference; fileEncoding = 4; lastKnownFileType = sourcecode.swift; path = PhotoViewCell.swift; sourceTree = "<group>"; };
		349048071EC2421A00F8F395 /* TruckViewCell.swift */ = {isa = PBXFileReference; fileEncoding = 4; lastKnownFileType = sourcecode.swift; path = TruckViewCell.swift; sourceTree = "<group>"; };
		3490480A1EC2424400F8F395 /* Private.swift */ = {isa = PBXFileReference; fileEncoding = 4; lastKnownFileType = sourcecode.swift; path = Private.swift; sourceTree = "<group>"; };
		3490480C1EC2424C00F8F395 /* Reachability.swift */ = {isa = PBXFileReference; fileEncoding = 4; lastKnownFileType = sourcecode.swift; path = Reachability.swift; sourceTree = "<group>"; };
		349048101EC2475900F8F395 /* Model.xcdatamodel */ = {isa = PBXFileReference; lastKnownFileType = wrapper.xcdatamodel; path = Model.xcdatamodel; sourceTree = "<group>"; };
		349048121EC2481E00F8F395 /* TruckType+CoreDataClass.swift */ = {isa = PBXFileReference; fileEncoding = 4; lastKnownFileType = sourcecode.swift; name = "TruckType+CoreDataClass.swift"; path = "../TruckType+CoreDataClass.swift"; sourceTree = "<group>"; };
		349048131EC2481E00F8F395 /* TruckType+CoreDataProperties.swift */ = {isa = PBXFileReference; fileEncoding = 4; lastKnownFileType = sourcecode.swift; name = "TruckType+CoreDataProperties.swift"; path = "../TruckType+CoreDataProperties.swift"; sourceTree = "<group>"; };
		349048141EC2481E00F8F395 /* FlickrPhoto+CoreDataClass.swift */ = {isa = PBXFileReference; fileEncoding = 4; lastKnownFileType = sourcecode.swift; name = "FlickrPhoto+CoreDataClass.swift"; path = "../FlickrPhoto+CoreDataClass.swift"; sourceTree = "<group>"; };
		349048151EC2481E00F8F395 /* FlickrPhoto+CoreDataProperties.swift */ = {isa = PBXFileReference; fileEncoding = 4; lastKnownFileType = sourcecode.swift; name = "FlickrPhoto+CoreDataProperties.swift"; path = "../FlickrPhoto+CoreDataProperties.swift"; sourceTree = "<group>"; };
		3490481A1EC2488200F8F395 /* CoreDataStack.swift */ = {isa = PBXFileReference; fileEncoding = 4; lastKnownFileType = sourcecode.swift; path = CoreDataStack.swift; sourceTree = "<group>"; };
		34A689801ED0E30700D86147 /* trucks-are-on-the-road.m4a */ = {isa = PBXFileReference; lastKnownFileType = file; path = "trucks-are-on-the-road.m4a"; sourceTree = "<group>"; };
		34A689831ED0EE9600D86147 /* PhotoView.xib */ = {isa = PBXFileReference; fileEncoding = 4; lastKnownFileType = file.xib; path = PhotoView.xib; sourceTree = "<group>"; };
		34A689851ED0EED600D86147 /* PhotoView.swift */ = {isa = PBXFileReference; fileEncoding = 4; lastKnownFileType = sourcecode.swift; path = PhotoView.swift; sourceTree = "<group>"; };
		34ADEEDA1EC51259003E4A19 /* backhoe-loader.gif */ = {isa = PBXFileReference; lastKnownFileType = image.gif; path = "backhoe-loader.gif"; sourceTree = "<group>"; };
		34ADEEDB1EC51259003E4A19 /* bulldozer.gif */ = {isa = PBXFileReference; lastKnownFileType = image.gif; path = bulldozer.gif; sourceTree = "<group>"; };
		34ADEEDC1EC51259003E4A19 /* cement-mixer.gif */ = {isa = PBXFileReference; lastKnownFileType = image.gif; path = "cement-mixer.gif"; sourceTree = "<group>"; };
		34ADEEDD1EC51259003E4A19 /* crane-truck.gif */ = {isa = PBXFileReference; lastKnownFileType = image.gif; path = "crane-truck.gif"; sourceTree = "<group>"; };
		34ADEEDE1EC51259003E4A19 /* dump-truck.gif */ = {isa = PBXFileReference; lastKnownFileType = image.gif; path = "dump-truck.gif"; sourceTree = "<group>"; };
		34ADEEDF1EC51259003E4A19 /* excavator.gif */ = {isa = PBXFileReference; lastKnownFileType = image.gif; path = excavator.gif; sourceTree = "<group>"; };
		34ADEEE01EC51259003E4A19 /* forklift.gif */ = {isa = PBXFileReference; lastKnownFileType = image.gif; path = forklift.gif; sourceTree = "<group>"; };
		34ADEEE11EC51259003E4A19 /* grader.gif */ = {isa = PBXFileReference; lastKnownFileType = image.gif; path = grader.gif; sourceTree = "<group>"; };
		34ADEEE21EC51259003E4A19 /* front-end-loader.gif */ = {isa = PBXFileReference; lastKnownFileType = image.gif; path = "front-end-loader.gif"; sourceTree = "<group>"; };
		34ADEEE31EC51259003E4A19 /* paver.gif */ = {isa = PBXFileReference; lastKnownFileType = image.gif; path = paver.gif; sourceTree = "<group>"; };
		34ADEEE41EC51259003E4A19 /* skid-steer.gif */ = {isa = PBXFileReference; lastKnownFileType = image.gif; path = "skid-steer.gif"; sourceTree = "<group>"; };
		34ADEEE51EC51259003E4A19 /* steamroller.gif */ = {isa = PBXFileReference; lastKnownFileType = image.gif; path = steamroller.gif; sourceTree = "<group>"; };
		34C13C1C1EC76D1E0091CC2A /* EmergencyTrucks.swift */ = {isa = PBXFileReference; fileEncoding = 4; lastKnownFileType = sourcecode.swift; path = EmergencyTrucks.swift; sourceTree = "<group>"; };
		34C13C1E1EC788F50091CC2A /* MenuViewController.swift */ = {isa = PBXFileReference; fileEncoding = 4; lastKnownFileType = sourcecode.swift; path = MenuViewController.swift; sourceTree = "<group>"; };
		34C13C201EC78BC80091CC2A /* CityTrucks.swift */ = {isa = PBXFileReference; fileEncoding = 4; lastKnownFileType = sourcecode.swift; path = CityTrucks.swift; sourceTree = "<group>"; };
		34F9D62F1ECE1C23004ABE98 /* truck-horn.mp3 */ = {isa = PBXFileReference; lastKnownFileType = audio.mp3; path = "truck-horn.mp3"; sourceTree = "<group>"; };
		34F9D6301ECE1C23004ABE98 /* sirens.mp3 */ = {isa = PBXFileReference; lastKnownFileType = audio.mp3; path = sirens.mp3; sourceTree = "<group>"; };
		34F9D6311ECE1C23004ABE98 /* truck-driving.mp3 */ = {isa = PBXFileReference; lastKnownFileType = audio.mp3; path = "truck-driving.mp3"; sourceTree = "<group>"; };
		34F9D6551ECF7637004ABE98 /* SoundManager.swift */ = {isa = PBXFileReference; fileEncoding = 4; lastKnownFileType = sourcecode.swift; path = SoundManager.swift; sourceTree = "<group>"; };
		34F9D6571ECF7A95004ABE98 /* truck-horn1.mp3 */ = {isa = PBXFileReference; lastKnownFileType = audio.mp3; path = "truck-horn1.mp3"; sourceTree = "<group>"; };
		34F9D6581ECF7A95004ABE98 /* truck-horn2.mp3 */ = {isa = PBXFileReference; lastKnownFileType = audio.mp3; path = "truck-horn2.mp3"; sourceTree = "<group>"; };
		34F9D65B1ECF8BBE004ABE98 /* GameDesign.swift */ = {isa = PBXFileReference; fileEncoding = 4; lastKnownFileType = sourcecode.swift; path = GameDesign.swift; sourceTree = "<group>"; };
		34F9D65D1ECFB2FA004ABE98 /* helicopter.mp3 */ = {isa = PBXFileReference; lastKnownFileType = audio.mp3; path = helicopter.mp3; sourceTree = "<group>"; };
		34F9D65E1ECFB2FB004ABE98 /* ice-cream-truck.mp3 */ = {isa = PBXFileReference; lastKnownFileType = audio.mp3; path = "ice-cream-truck.mp3"; sourceTree = "<group>"; };
		3A48CD73435232BF41123A68 /* Pods-NameThatTruck.release.xcconfig */ = {isa = PBXFileReference; includeInIndex = 1; lastKnownFileType = text.xcconfig; name = "Pods-NameThatTruck.release.xcconfig"; path = "Pods/Target Support Files/Pods-NameThatTruck/Pods-NameThatTruck.release.xcconfig"; sourceTree = "<group>"; };
		BB6C8515707E5620798B144B /* Pods_NameThatTruck.framework */ = {isa = PBXFileReference; explicitFileType = wrapper.framework; includeInIndex = 0; path = Pods_NameThatTruck.framework; sourceTree = BUILT_PRODUCTS_DIR; };
		CFD17B5AE2C6616B700C81F1 /* Pods-NameThatTruck.debug.xcconfig */ = {isa = PBXFileReference; includeInIndex = 1; lastKnownFileType = text.xcconfig; name = "Pods-NameThatTruck.debug.xcconfig"; path = "Pods/Target Support Files/Pods-NameThatTruck/Pods-NameThatTruck.debug.xcconfig"; sourceTree = "<group>"; };
/* End PBXFileReference section */

/* Begin PBXFrameworksBuildPhase section */
		349047CD1EC23F1E00F8F395 /* Frameworks */ = {
			isa = PBXFrameworksBuildPhase;
			buildActionMask = 2147483647;
			files = (
				58DDAFEDC450352C88420100 /* Pods_NameThatTruck.framework in Frameworks */,
			);
			runOnlyForDeploymentPostprocessing = 0;
		};
/* End PBXFrameworksBuildPhase section */

/* Begin PBXGroup section */
		349047C71EC23F1E00F8F395 = {
			isa = PBXGroup;
			children = (
				349047D21EC23F1E00F8F395 /* NameThatTruck */,
				349047D11EC23F1E00F8F395 /* Products */,
				E6BA443C3BA82BA1226F4065 /* Pods */,
				FF6AFB1DB763C135D8792FDE /* Frameworks */,
			);
			sourceTree = "<group>";
		};
		349047D11EC23F1E00F8F395 /* Products */ = {
			isa = PBXGroup;
			children = (
				349047D01EC23F1E00F8F395 /* NameThatTruck.app */,
			);
			name = Products;
			sourceTree = "<group>";
		};
		349047D21EC23F1E00F8F395 /* NameThatTruck */ = {
			isa = PBXGroup;
			children = (
				349047D31EC23F1E00F8F395 /* AppDelegate.swift */,
				349047E51EC23F8700F8F395 /* Models */,
				349047EC1EC240FA00F8F395 /* GameModel.swift */,
				349047F01EC2412300F8F395 /* Client */,
				349047F71EC2418300F8F395 /* Controllers */,
				349047FE1EC241DE00F8F395 /* View */,
				3490480E1EC2425300F8F395 /* Assets */,
				349048091EC2423200F8F395 /* SupportingFiles */,
			);
			path = NameThatTruck;
			sourceTree = "<group>";
		};
		349047E51EC23F8700F8F395 /* Models */ = {
			isa = PBXGroup;
			children = (
				34ADEEF31EC51282003E4A19 /* CoreData */,
				34ADEEF21EC5126F003E4A19 /* Trucks */,
			);
			name = Models;
			sourceTree = "<group>";
		};
		349047F01EC2412300F8F395 /* Client */ = {
			isa = PBXGroup;
			children = (
				349047F11EC2413800F8F395 /* FlickrRequestModel.swift */,
				349047F31EC2414100F8F395 /* FlickrClient.swift */,
				349047F51EC2414A00F8F395 /* FlickrConvenience.swift */,
			);
			name = Client;
			sourceTree = "<group>";
		};
		349047F71EC2418300F8F395 /* Controllers */ = {
			isa = PBXGroup;
			children = (
				34C13C1E1EC788F50091CC2A /* MenuViewController.swift */,
				349047F81EC2419700F8F395 /* GameViewController.swift */,
				345353A01EC3BE4F007D9021 /* PopdownView.swift */,
				349047FC1EC241AB00F8F395 /* PhotoViewController.swift */,
				34A689851ED0EED600D86147 /* PhotoView.swift */,
			);
			name = Controllers;
			sourceTree = "<group>";
		};
		349047FE1EC241DE00F8F395 /* View */ = {
			isa = PBXGroup;
			children = (
				349047FF1EC241F700F8F395 /* ActivityIndicator.swift */,
				349048011EC2420100F8F395 /* Alerts.swift */,
				346442591ED3A3620003B1A9 /* AnimationManager.swift */,
				349048031EC2420900F8F395 /* CollectionFlowLayout.swift */,
				34F9D65B1ECF8BBE004ABE98 /* GameDesign.swift */,
				349048051EC2421200F8F395 /* PhotoViewCell.swift */,
				349048071EC2421A00F8F395 /* TruckViewCell.swift */,
			);
			name = View;
			sourceTree = "<group>";
		};
		349048091EC2423200F8F395 /* SupportingFiles */ = {
			isa = PBXGroup;
			children = (
				349047DF1EC23F1E00F8F395 /* Info.plist */,
				3490480A1EC2424400F8F395 /* Private.swift */,
				3490480C1EC2424C00F8F395 /* Reachability.swift */,
				34F9D6551ECF7637004ABE98 /* SoundManager.swift */,
				34F9D62E1ECE1C06004ABE98 /* Sounds */,
			);
			name = SupportingFiles;
			sourceTree = "<group>";
		};
		3490480E1EC2425300F8F395 /* Assets */ = {
			isa = PBXGroup;
			children = (
				349047DA1EC23F1E00F8F395 /* Assets.xcassets */,
				34A689821ED0EB4300D86147 /* Fonts */,
				34ADEED91EC5123C003E4A19 /* GIFs */,
				349047DC1EC23F1E00F8F395 /* LaunchScreen.storyboard */,
				349047D71EC23F1E00F8F395 /* Main.storyboard */,
				34A689831ED0EE9600D86147 /* PhotoView.xib */,
				3453539E1EC3BE26007D9021 /* PopdownView.xib */,
			);
			name = Assets;
			sourceTree = "<group>";
		};
		34A689821ED0EB4300D86147 /* Fonts */ = {
			isa = PBXGroup;
			children = (
				3410C60D1ECA4224007BC759 /* Lorimer_No2_Stencil.otf */,
			);
			name = Fonts;
			sourceTree = "<group>";
		};
		34ADEED91EC5123C003E4A19 /* GIFs */ = {
			isa = PBXGroup;
			children = (
				346345181EC955E200FA5FA2 /* airport-fire-truck.gif */,
				346345191EC955E200FA5FA2 /* ambulance.gif */,
				3463451A1EC955E200FA5FA2 /* fire-boat.gif */,
				3463451B1EC955E200FA5FA2 /* fire-chiefs-truck.gif */,
				3463451C1EC955E200FA5FA2 /* ladder-truck.gif */,
				3463451D1EC955E200FA5FA2 /* military-helicopter.gif */,
				3463451E1EC955E200FA5FA2 /* police-boat.gif */,
				3463451F1EC955E200FA5FA2 /* police-car.gif */,
				346345201EC955E200FA5FA2 /* pumper-truck.gif */,
				346345211EC955E200FA5FA2 /* rescue-helicopter.gif */,
				346345221EC955E200FA5FA2 /* snowplow.gif */,
				346345231EC955E200FA5FA2 /* tow-truck.gif */,
				346345001EC955C900FA5FA2 /* big-rig.gif */,
				346345011EC955C900FA5FA2 /* bucket-truck.gif */,
				346345021EC955C900FA5FA2 /* car-transporter.gif */,
				346345031EC955C900FA5FA2 /* delivery-truck.gif */,
				346345041EC955C900FA5FA2 /* fuel-truck.gif */,
				346345051EC955C900FA5FA2 /* garbage-truck.gif */,
				346345061EC955C900FA5FA2 /* ice-cream-truck.gif */,
				346345071EC955C900FA5FA2 /* mail-truck.gif */,
				346345081EC955C900FA5FA2 /* pickup-truck.gif */,
				346345091EC955C900FA5FA2 /* school-bus.gif */,
				3463450A1EC955C900FA5FA2 /* street-sweeper.gif */,
				3463450B1EC955C900FA5FA2 /* tractor.gif */,
				34ADEEDA1EC51259003E4A19 /* backhoe-loader.gif */,
				34ADEEDB1EC51259003E4A19 /* bulldozer.gif */,
				34ADEEDC1EC51259003E4A19 /* cement-mixer.gif */,
				34ADEEDD1EC51259003E4A19 /* crane-truck.gif */,
				34ADEEDE1EC51259003E4A19 /* dump-truck.gif */,
				34ADEEDF1EC51259003E4A19 /* excavator.gif */,
				34ADEEE01EC51259003E4A19 /* forklift.gif */,
				34ADEEE11EC51259003E4A19 /* grader.gif */,
				34ADEEE21EC51259003E4A19 /* front-end-loader.gif */,
				34ADEEE31EC51259003E4A19 /* paver.gif */,
				34ADEEE41EC51259003E4A19 /* skid-steer.gif */,
				34ADEEE51EC51259003E4A19 /* steamroller.gif */,
			);
			name = GIFs;
			sourceTree = "<group>";
		};
		34ADEEF21EC5126F003E4A19 /* Trucks */ = {
			isa = PBXGroup;
			children = (
				349047E81EC240C700F8F395 /* TruckModel.swift */,
				349047EA1EC240F100F8F395 /* ConstructionTrucks.swift */,
				34C13C1C1EC76D1E0091CC2A /* EmergencyTrucks.swift */,
				34C13C201EC78BC80091CC2A /* CityTrucks.swift */,
			);
			name = Trucks;
			sourceTree = "<group>";
		};
		34ADEEF31EC51282003E4A19 /* CoreData */ = {
			isa = PBXGroup;
			children = (
				3490481A1EC2488200F8F395 /* CoreDataStack.swift */,
				3490480F1EC2475900F8F395 /* Model.xcdatamodeld */,
				349048121EC2481E00F8F395 /* TruckType+CoreDataClass.swift */,
				349048131EC2481E00F8F395 /* TruckType+CoreDataProperties.swift */,
				349048141EC2481E00F8F395 /* FlickrPhoto+CoreDataClass.swift */,
				349048151EC2481E00F8F395 /* FlickrPhoto+CoreDataProperties.swift */,
			);
			name = CoreData;
			sourceTree = "<group>";
		};
		34F9D62E1ECE1C06004ABE98 /* Sounds */ = {
			isa = PBXGroup;
			children = (
				340F0BFF1ED1EA6A005DEE09 /* can-you-find-the.aac */,
				340F0C001ED1EA6A005DEE09 /* good-job.aac */,
				340F0C011ED1EA6A005DEE09 /* that-truck-is-a.aac */,
				340F0C021ED1EA6A005DEE09 /* thats-right.aac */,
				340F0C031ED1EA6A005DEE09 /* which-truck-is-the.aac */,
				340F0C041ED1EA6A005DEE09 /* you-touched-the.aac */,
				340F0BE71ED1EA5B005DEE09 /* big-rig.aac */,
				340F0BE81ED1EA5B005DEE09 /* bucket-truck.aac */,
				340F0BE91ED1EA5B005DEE09 /* car-transporter.aac */,
				340F0BEA1ED1EA5B005DEE09 /* delivery-truck.aac */,
				340F0BEB1ED1EA5B005DEE09 /* fuel-truck.aac */,
				340F0BEC1ED1EA5B005DEE09 /* garbage-truck.aac */,
				340F0BED1ED1EA5B005DEE09 /* ice-cream-truck.aac */,
				340F0BEE1ED1EA5B005DEE09 /* mail-truck.aac */,
				340F0BEF1ED1EA5B005DEE09 /* pickup-truck.aac */,
				340F0BF01ED1EA5B005DEE09 /* school-bus.aac */,
				340F0BF11ED1EA5B005DEE09 /* street-sweeper.aac */,
				340F0BF21ED1EA5B005DEE09 /* tractor.aac */,
				340F0BCF1ED1EA4F005DEE09 /* backhoe-loader.aac */,
				340F0BD01ED1EA4F005DEE09 /* bulldozer.aac */,
				340F0BD11ED1EA4F005DEE09 /* cement-mixer.aac */,
				340F0BD21ED1EA4F005DEE09 /* crane-truck.aac */,
				340F0BD31ED1EA4F005DEE09 /* dump-truck.aac */,
				340F0BD41ED1EA4F005DEE09 /* excavator.aac */,
				340F0BD51ED1EA4F005DEE09 /* forklift.aac */,
				340F0BD61ED1EA4F005DEE09 /* front-end-loader.aac */,
				340F0BD71ED1EA4F005DEE09 /* grader.aac */,
				340F0BD81ED1EA4F005DEE09 /* paver.aac */,
				340F0BD91ED1EA4F005DEE09 /* skid-steer.aac */,
				340F0BDA1ED1EA4F005DEE09 /* steamroller.aac */,
				340F0BB71ED1EA42005DEE09 /* airport-fire-truck.aac */,
				340F0BB81ED1EA42005DEE09 /* ambulance.aac */,
				340F0BB91ED1EA42005DEE09 /* fire-boat.aac */,
				340F0BBA1ED1EA42005DEE09 /* fire-chiefs-truck.aac */,
				340F0BBB1ED1EA42005DEE09 /* ladder-truck.aac */,
				340F0BBC1ED1EA42005DEE09 /* military-helicopter.aac */,
				340F0BBD1ED1EA42005DEE09 /* police-boat.aac */,
				340F0BBE1ED1EA42005DEE09 /* police-car.aac */,
				340F0BBF1ED1EA42005DEE09 /* pumper-truck.aac */,
				340F0BC01ED1EA42005DEE09 /* rescue-helicopter.aac */,
				340F0BC11ED1EA42005DEE09 /* snowplow.aac */,
				340F0BC21ED1EA42005DEE09 /* tow-truck.aac */,
				34F9D65D1ECFB2FA004ABE98 /* helicopter.mp3 */,
				34F9D65E1ECFB2FB004ABE98 /* ice-cream-truck.mp3 */,
				34F9D62F1ECE1C23004ABE98 /* truck-horn.mp3 */,
				34F9D6571ECF7A95004ABE98 /* truck-horn1.mp3 */,
				34A689801ED0E30700D86147 /* trucks-are-on-the-road.m4a */,
				34F9D6581ECF7A95004ABE98 /* truck-horn2.mp3 */,
				34F9D6301ECE1C23004ABE98 /* sirens.mp3 */,
				34F9D6311ECE1C23004ABE98 /* truck-driving.mp3 */,
			);
			name = Sounds;
			sourceTree = "<group>";
		};
		E6BA443C3BA82BA1226F4065 /* Pods */ = {
			isa = PBXGroup;
			children = (
				CFD17B5AE2C6616B700C81F1 /* Pods-NameThatTruck.debug.xcconfig */,
				3A48CD73435232BF41123A68 /* Pods-NameThatTruck.release.xcconfig */,
			);
			name = Pods;
			sourceTree = "<group>";
		};
		FF6AFB1DB763C135D8792FDE /* Frameworks */ = {
			isa = PBXGroup;
			children = (
				BB6C8515707E5620798B144B /* Pods_NameThatTruck.framework */,
			);
			name = Frameworks;
			sourceTree = "<group>";
		};
/* End PBXGroup section */

/* Begin PBXNativeTarget section */
		349047CF1EC23F1E00F8F395 /* NameThatTruck */ = {
			isa = PBXNativeTarget;
			buildConfigurationList = 349047E21EC23F1E00F8F395 /* Build configuration list for PBXNativeTarget "NameThatTruck" */;
			buildPhases = (
				D5CFBDC9DD835123FBFB5795 /* [CP] Check Pods Manifest.lock */,
				349047CC1EC23F1E00F8F395 /* Sources */,
				349047CD1EC23F1E00F8F395 /* Frameworks */,
				349047CE1EC23F1E00F8F395 /* Resources */,
				2C1FE72F383E6540247C4476 /* [CP] Embed Pods Frameworks */,
				977FBE08957FB04CDBAFB7FC /* [CP] Copy Pods Resources */,
			);
			buildRules = (
			);
			dependencies = (
			);
			name = NameThatTruck;
			productName = NameThatTruck;
			productReference = 349047D01EC23F1E00F8F395 /* NameThatTruck.app */;
			productType = "com.apple.product-type.application";
		};
/* End PBXNativeTarget section */

/* Begin PBXProject section */
		349047C81EC23F1E00F8F395 /* Project object */ = {
			isa = PBXProject;
			attributes = {
				LastSwiftUpdateCheck = 0830;
				LastUpgradeCheck = 0830;
				ORGANIZATIONNAME = GhostBirdGames;
				TargetAttributes = {
					349047CF1EC23F1E00F8F395 = {
						CreatedOnToolsVersion = 8.3;
						DevelopmentTeam = B875NM54ML;
						ProvisioningStyle = Automatic;
					};
				};
			};
			buildConfigurationList = 349047CB1EC23F1E00F8F395 /* Build configuration list for PBXProject "NameThatTruck" */;
			compatibilityVersion = "Xcode 3.2";
			developmentRegion = English;
			hasScannedForEncodings = 0;
			knownRegions = (
				en,
				Base,
			);
			mainGroup = 349047C71EC23F1E00F8F395;
			productRefGroup = 349047D11EC23F1E00F8F395 /* Products */;
			projectDirPath = "";
			projectRoot = "";
			targets = (
				349047CF1EC23F1E00F8F395 /* NameThatTruck */,
			);
		};
/* End PBXProject section */

/* Begin PBXResourcesBuildPhase section */
		349047CE1EC23F1E00F8F395 /* Resources */ = {
			isa = PBXResourcesBuildPhase;
			buildActionMask = 2147483647;
			files = (
				340F0BC41ED1EA42005DEE09 /* ambulance.aac in Resources */,
				3463450F1EC955C900FA5FA2 /* delivery-truck.gif in Resources */,
				3463452F1EC955E200FA5FA2 /* tow-truck.gif in Resources */,
				340F0BF51ED1EA5B005DEE09 /* car-transporter.aac in Resources */,
				340F0BFC1ED1EA5B005DEE09 /* school-bus.aac in Resources */,
				340F0C081ED1EA6A005DEE09 /* thats-right.aac in Resources */,
				3463452B1EC955E200FA5FA2 /* police-car.gif in Resources */,
				340F0BDD1ED1EA4F005DEE09 /* cement-mixer.aac in Resources */,
				340F0BCB1ED1EA42005DEE09 /* pumper-truck.aac in Resources */,
				34F9D65F1ECFB2FC004ABE98 /* helicopter.mp3 in Resources */,
				34F9D6591ECF7A95004ABE98 /* truck-horn1.mp3 in Resources */,
				346345241EC955E200FA5FA2 /* airport-fire-truck.gif in Resources */,
				34ADEEEA1EC51259003E4A19 /* dump-truck.gif in Resources */,
				34A689841ED0EE9700D86147 /* PhotoView.xib in Resources */,
				340F0C091ED1EA6A005DEE09 /* which-truck-is-the.aac in Resources */,
				340F0BFA1ED1EA5B005DEE09 /* mail-truck.aac in Resources */,
				3463452C1EC955E200FA5FA2 /* pumper-truck.gif in Resources */,
				346345141EC955C900FA5FA2 /* pickup-truck.gif in Resources */,
				349047DE1EC23F1E00F8F395 /* LaunchScreen.storyboard in Resources */,
				340F0BC71ED1EA42005DEE09 /* ladder-truck.aac in Resources */,
				34ADEEEC1EC51259003E4A19 /* forklift.gif in Resources */,
				340F0C071ED1EA6A005DEE09 /* that-truck-is-a.aac in Resources */,
				3463450E1EC955C900FA5FA2 /* car-transporter.gif in Resources */,
				34ADEEEB1EC51259003E4A19 /* excavator.gif in Resources */,
				340F0BC61ED1EA42005DEE09 /* fire-chiefs-truck.aac in Resources */,
				340F0BC81ED1EA42005DEE09 /* military-helicopter.aac in Resources */,
				3463450C1EC955C900FA5FA2 /* big-rig.gif in Resources */,
				346345121EC955C900FA5FA2 /* ice-cream-truck.gif in Resources */,
				340F0BFE1ED1EA5B005DEE09 /* tractor.aac in Resources */,
				34ADEEE81EC51259003E4A19 /* cement-mixer.gif in Resources */,
				340F0BF41ED1EA5B005DEE09 /* bucket-truck.aac in Resources */,
				346345131EC955C900FA5FA2 /* mail-truck.gif in Resources */,
				346345111EC955C900FA5FA2 /* garbage-truck.gif in Resources */,
				340F0BFB1ED1EA5B005DEE09 /* pickup-truck.aac in Resources */,
				346345281EC955E200FA5FA2 /* ladder-truck.gif in Resources */,
				340F0C061ED1EA6A005DEE09 /* good-job.aac in Resources */,
				34ADEEE91EC51259003E4A19 /* crane-truck.gif in Resources */,
				346345151EC955CA00FA5FA2 /* school-bus.gif in Resources */,
				349047DB1EC23F1E00F8F395 /* Assets.xcassets in Resources */,
				34ADEEED1EC51259003E4A19 /* grader.gif in Resources */,
				340F0BCA1ED1EA42005DEE09 /* police-car.aac in Resources */,
				340F0BDB1ED1EA4F005DEE09 /* backhoe-loader.aac in Resources */,
				34F9D65A1ECF7A95004ABE98 /* truck-horn2.mp3 in Resources */,
				340F0BF31ED1EA5B005DEE09 /* big-rig.aac in Resources */,
				340F0C051ED1EA6A005DEE09 /* can-you-find-the.aac in Resources */,
				340F0BF71ED1EA5B005DEE09 /* fuel-truck.aac in Resources */,
				340F0BE01ED1EA4F005DEE09 /* excavator.aac in Resources */,
				340F0BF61ED1EA5B005DEE09 /* delivery-truck.aac in Resources */,
				34ADEEF01EC51259003E4A19 /* skid-steer.gif in Resources */,
				3463450D1EC955C900FA5FA2 /* bucket-truck.gif in Resources */,
				3463452A1EC955E200FA5FA2 /* police-boat.gif in Resources */,
				346345291EC955E200FA5FA2 /* military-helicopter.gif in Resources */,
				346345161EC955CA00FA5FA2 /* street-sweeper.gif in Resources */,
				340F0BFD1ED1EA5B005DEE09 /* street-sweeper.aac in Resources */,
				34F9D6601ECFB2FC004ABE98 /* ice-cream-truck.mp3 in Resources */,
				34F9D6321ECE1C23004ABE98 /* truck-horn.mp3 in Resources */,
				346345271EC955E200FA5FA2 /* fire-chiefs-truck.gif in Resources */,
				340F0BE21ED1EA4F005DEE09 /* front-end-loader.aac in Resources */,
				34ADEEE71EC51259003E4A19 /* bulldozer.gif in Resources */,
				346345251EC955E200FA5FA2 /* ambulance.gif in Resources */,
				340F0BE51ED1EA4F005DEE09 /* skid-steer.aac in Resources */,
				340F0BF81ED1EA5B005DEE09 /* garbage-truck.aac in Resources */,
				340F0C0A1ED1EA6A005DEE09 /* you-touched-the.aac in Resources */,
				3453539F1EC3BE27007D9021 /* PopdownView.xib in Resources */,
				340F0BE31ED1EA4F005DEE09 /* grader.aac in Resources */,
				3463452E1EC955E200FA5FA2 /* snowplow.gif in Resources */,
				34ADEEE61EC51259003E4A19 /* backhoe-loader.gif in Resources */,
				340F0BCE1ED1EA42005DEE09 /* tow-truck.aac in Resources */,
				340F0BE41ED1EA4F005DEE09 /* paver.aac in Resources */,
				3463452D1EC955E200FA5FA2 /* rescue-helicopter.gif in Resources */,
				346345101EC955C900FA5FA2 /* fuel-truck.gif in Resources */,
				34F9D6331ECE1C23004ABE98 /* sirens.mp3 in Resources */,
				3410C60E1ECA4224007BC759 /* Lorimer_No2_Stencil.otf in Resources */,
				340F0BC51ED1EA42005DEE09 /* fire-boat.aac in Resources */,
				340F0BDC1ED1EA4F005DEE09 /* bulldozer.aac in Resources */,
				349047D91EC23F1E00F8F395 /* Main.storyboard in Resources */,
				34ADEEF11EC51259003E4A19 /* steamroller.gif in Resources */,
				340F0BCD1ED1EA42005DEE09 /* snowplow.aac in Resources */,
				34A689811ED0E30800D86147 /* trucks-are-on-the-road.m4a in Resources */,
				340F0BC31ED1EA42005DEE09 /* airport-fire-truck.aac in Resources */,
				34ADEEEE1EC51259003E4A19 /* front-end-loader.gif in Resources */,
				340F0BE61ED1EA4F005DEE09 /* steamroller.aac in Resources */,
				340F0BC91ED1EA42005DEE09 /* police-boat.aac in Resources */,
				34F9D6341ECE1C23004ABE98 /* truck-driving.mp3 in Resources */,
				340F0BDE1ED1EA4F005DEE09 /* crane-truck.aac in Resources */,
				340F0BE11ED1EA4F005DEE09 /* forklift.aac in Resources */,
				346345261EC955E200FA5FA2 /* fire-boat.gif in Resources */,
				346345171EC955CA00FA5FA2 /* tractor.gif in Resources */,
				34ADEEEF1EC51259003E4A19 /* paver.gif in Resources */,
				340F0BCC1ED1EA42005DEE09 /* rescue-helicopter.aac in Resources */,
				340F0BDF1ED1EA4F005DEE09 /* dump-truck.aac in Resources */,
				340F0BF91ED1EA5B005DEE09 /* ice-cream-truck.aac in Resources */,
			);
			runOnlyForDeploymentPostprocessing = 0;
		};
/* End PBXResourcesBuildPhase section */

/* Begin PBXShellScriptBuildPhase section */
		2C1FE72F383E6540247C4476 /* [CP] Embed Pods Frameworks */ = {
			isa = PBXShellScriptBuildPhase;
			buildActionMask = 2147483647;
			files = (
			);
			inputPaths = (
			);
			name = "[CP] Embed Pods Frameworks";
			outputPaths = (
			);
			runOnlyForDeploymentPostprocessing = 0;
			shellPath = /bin/sh;
			shellScript = "\"${SRCROOT}/Pods/Target Support Files/Pods-NameThatTruck/Pods-NameThatTruck-frameworks.sh\"\n";
			showEnvVarsInLog = 0;
		};
		977FBE08957FB04CDBAFB7FC /* [CP] Copy Pods Resources */ = {
			isa = PBXShellScriptBuildPhase;
			buildActionMask = 2147483647;
			files = (
			);
			inputPaths = (
			);
			name = "[CP] Copy Pods Resources";
			outputPaths = (
			);
			runOnlyForDeploymentPostprocessing = 0;
			shellPath = /bin/sh;
			shellScript = "\"${SRCROOT}/Pods/Target Support Files/Pods-NameThatTruck/Pods-NameThatTruck-resources.sh\"\n";
			showEnvVarsInLog = 0;
		};
		D5CFBDC9DD835123FBFB5795 /* [CP] Check Pods Manifest.lock */ = {
			isa = PBXShellScriptBuildPhase;
			buildActionMask = 2147483647;
			files = (
			);
			inputPaths = (
			);
			name = "[CP] Check Pods Manifest.lock";
			outputPaths = (
			);
			runOnlyForDeploymentPostprocessing = 0;
			shellPath = /bin/sh;
			shellScript = "diff \"${PODS_PODFILE_DIR_PATH}/Podfile.lock\" \"${PODS_ROOT}/Manifest.lock\" > /dev/null\nif [ $? != 0 ] ; then\n    # print error to STDERR\n    echo \"error: The sandbox is not in sync with the Podfile.lock. Run 'pod install' or update your CocoaPods installation.\" >&2\n    exit 1\nfi\n";
			showEnvVarsInLog = 0;
		};
/* End PBXShellScriptBuildPhase section */

/* Begin PBXSourcesBuildPhase section */
		349047CC1EC23F1E00F8F395 /* Sources */ = {
			isa = PBXSourcesBuildPhase;
			buildActionMask = 2147483647;
			files = (
				349047F21EC2413800F8F395 /* FlickrRequestModel.swift in Sources */,
				3490481B1EC2488200F8F395 /* CoreDataStack.swift in Sources */,
				349048061EC2421200F8F395 /* PhotoViewCell.swift in Sources */,
				34C13C1D1EC76D1E0091CC2A /* EmergencyTrucks.swift in Sources */,
				349047ED1EC240FA00F8F395 /* GameModel.swift in Sources */,
				3490480B1EC2424400F8F395 /* Private.swift in Sources */,
				349047F61EC2414A00F8F395 /* FlickrConvenience.swift in Sources */,
				345353A11EC3BE4F007D9021 /* PopdownView.swift in Sources */,
				34C13C211EC78BC80091CC2A /* CityTrucks.swift in Sources */,
				349048111EC2475900F8F395 /* Model.xcdatamodeld in Sources */,
				349047F41EC2414100F8F395 /* FlickrClient.swift in Sources */,
				349048161EC2481E00F8F395 /* TruckType+CoreDataClass.swift in Sources */,
				3490480D1EC2424C00F8F395 /* Reachability.swift in Sources */,
				349047F91EC2419700F8F395 /* GameViewController.swift in Sources */,
				349048181EC2481E00F8F395 /* FlickrPhoto+CoreDataClass.swift in Sources */,
				34F9D65C1ECF8BBF004ABE98 /* GameDesign.swift in Sources */,
				349048001EC241F700F8F395 /* ActivityIndicator.swift in Sources */,
				349047E91EC240C700F8F395 /* TruckModel.swift in Sources */,
				34F9D6561ECF7637004ABE98 /* SoundManager.swift in Sources */,
				34C13C1F1EC788F60091CC2A /* MenuViewController.swift in Sources */,
				349047EB1EC240F100F8F395 /* ConstructionTrucks.swift in Sources */,
				349047D41EC23F1E00F8F395 /* AppDelegate.swift in Sources */,
				349048021EC2420100F8F395 /* Alerts.swift in Sources */,
				349048081EC2421A00F8F395 /* TruckViewCell.swift in Sources */,
				3464425A1ED3A3630003B1A9 /* AnimationManager.swift in Sources */,
				349047FD1EC241AB00F8F395 /* PhotoViewController.swift in Sources */,
				349048041EC2420900F8F395 /* CollectionFlowLayout.swift in Sources */,
				34A689861ED0EED600D86147 /* PhotoView.swift in Sources */,
				349048171EC2481E00F8F395 /* TruckType+CoreDataProperties.swift in Sources */,
				349048191EC2481E00F8F395 /* FlickrPhoto+CoreDataProperties.swift in Sources */,
			);
			runOnlyForDeploymentPostprocessing = 0;
		};
/* End PBXSourcesBuildPhase section */

/* Begin PBXVariantGroup section */
		349047D71EC23F1E00F8F395 /* Main.storyboard */ = {
			isa = PBXVariantGroup;
			children = (
				349047D81EC23F1E00F8F395 /* Base */,
			);
			name = Main.storyboard;
			sourceTree = "<group>";
		};
		349047DC1EC23F1E00F8F395 /* LaunchScreen.storyboard */ = {
			isa = PBXVariantGroup;
			children = (
				349047DD1EC23F1E00F8F395 /* Base */,
			);
			name = LaunchScreen.storyboard;
			sourceTree = "<group>";
		};
/* End PBXVariantGroup section */

/* Begin XCBuildConfiguration section */
		349047E01EC23F1E00F8F395 /* Debug */ = {
			isa = XCBuildConfiguration;
			buildSettings = {
				ALWAYS_SEARCH_USER_PATHS = NO;
				CLANG_ANALYZER_NONNULL = YES;
				CLANG_ANALYZER_NUMBER_OBJECT_CONVERSION = YES_AGGRESSIVE;
				CLANG_CXX_LANGUAGE_STANDARD = "gnu++0x";
				CLANG_CXX_LIBRARY = "libc++";
				CLANG_ENABLE_MODULES = YES;
				CLANG_ENABLE_OBJC_ARC = YES;
				CLANG_WARN_BOOL_CONVERSION = YES;
				CLANG_WARN_CONSTANT_CONVERSION = YES;
				CLANG_WARN_DIRECT_OBJC_ISA_USAGE = YES_ERROR;
				CLANG_WARN_DOCUMENTATION_COMMENTS = YES;
				CLANG_WARN_EMPTY_BODY = YES;
				CLANG_WARN_ENUM_CONVERSION = YES;
				CLANG_WARN_INFINITE_RECURSION = YES;
				CLANG_WARN_INT_CONVERSION = YES;
				CLANG_WARN_OBJC_ROOT_CLASS = YES_ERROR;
				CLANG_WARN_SUSPICIOUS_MOVE = YES;
				CLANG_WARN_UNREACHABLE_CODE = YES;
				CLANG_WARN__DUPLICATE_METHOD_MATCH = YES;
				"CODE_SIGN_IDENTITY[sdk=iphoneos*]" = "iPhone Developer";
				COPY_PHASE_STRIP = NO;
				DEBUG_INFORMATION_FORMAT = dwarf;
				ENABLE_STRICT_OBJC_MSGSEND = YES;
				ENABLE_TESTABILITY = YES;
				GCC_C_LANGUAGE_STANDARD = gnu99;
				GCC_DYNAMIC_NO_PIC = NO;
				GCC_NO_COMMON_BLOCKS = YES;
				GCC_OPTIMIZATION_LEVEL = 0;
				GCC_PREPROCESSOR_DEFINITIONS = (
					"DEBUG=1",
					"$(inherited)",
				);
				GCC_WARN_64_TO_32_BIT_CONVERSION = YES;
				GCC_WARN_ABOUT_RETURN_TYPE = YES_ERROR;
				GCC_WARN_UNDECLARED_SELECTOR = YES;
				GCC_WARN_UNINITIALIZED_AUTOS = YES_AGGRESSIVE;
				GCC_WARN_UNUSED_FUNCTION = YES;
				GCC_WARN_UNUSED_VARIABLE = YES;
				IPHONEOS_DEPLOYMENT_TARGET = 10.3;
				MTL_ENABLE_DEBUG_INFO = YES;
				ONLY_ACTIVE_ARCH = YES;
				SDKROOT = iphoneos;
				SWIFT_ACTIVE_COMPILATION_CONDITIONS = DEBUG;
				SWIFT_OPTIMIZATION_LEVEL = "-Onone";
				TARGETED_DEVICE_FAMILY = "1,2";
			};
			name = Debug;
		};
		349047E11EC23F1E00F8F395 /* Release */ = {
			isa = XCBuildConfiguration;
			buildSettings = {
				ALWAYS_SEARCH_USER_PATHS = NO;
				CLANG_ANALYZER_NONNULL = YES;
				CLANG_ANALYZER_NUMBER_OBJECT_CONVERSION = YES_AGGRESSIVE;
				CLANG_CXX_LANGUAGE_STANDARD = "gnu++0x";
				CLANG_CXX_LIBRARY = "libc++";
				CLANG_ENABLE_MODULES = YES;
				CLANG_ENABLE_OBJC_ARC = YES;
				CLANG_WARN_BOOL_CONVERSION = YES;
				CLANG_WARN_CONSTANT_CONVERSION = YES;
				CLANG_WARN_DIRECT_OBJC_ISA_USAGE = YES_ERROR;
				CLANG_WARN_DOCUMENTATION_COMMENTS = YES;
				CLANG_WARN_EMPTY_BODY = YES;
				CLANG_WARN_ENUM_CONVERSION = YES;
				CLANG_WARN_INFINITE_RECURSION = YES;
				CLANG_WARN_INT_CONVERSION = YES;
				CLANG_WARN_OBJC_ROOT_CLASS = YES_ERROR;
				CLANG_WARN_SUSPICIOUS_MOVE = YES;
				CLANG_WARN_UNREACHABLE_CODE = YES;
				CLANG_WARN__DUPLICATE_METHOD_MATCH = YES;
				"CODE_SIGN_IDENTITY[sdk=iphoneos*]" = "iPhone Developer";
				COPY_PHASE_STRIP = NO;
				DEBUG_INFORMATION_FORMAT = "dwarf-with-dsym";
				ENABLE_NS_ASSERTIONS = NO;
				ENABLE_STRICT_OBJC_MSGSEND = YES;
				GCC_C_LANGUAGE_STANDARD = gnu99;
				GCC_NO_COMMON_BLOCKS = YES;
				GCC_WARN_64_TO_32_BIT_CONVERSION = YES;
				GCC_WARN_ABOUT_RETURN_TYPE = YES_ERROR;
				GCC_WARN_UNDECLARED_SELECTOR = YES;
				GCC_WARN_UNINITIALIZED_AUTOS = YES_AGGRESSIVE;
				GCC_WARN_UNUSED_FUNCTION = YES;
				GCC_WARN_UNUSED_VARIABLE = YES;
				IPHONEOS_DEPLOYMENT_TARGET = 10.3;
				MTL_ENABLE_DEBUG_INFO = NO;
				SDKROOT = iphoneos;
				SWIFT_OPTIMIZATION_LEVEL = "-Owholemodule";
				TARGETED_DEVICE_FAMILY = "1,2";
				VALIDATE_PRODUCT = YES;
			};
			name = Release;
		};
		349047E31EC23F1E00F8F395 /* Debug */ = {
			isa = XCBuildConfiguration;
			baseConfigurationReference = CFD17B5AE2C6616B700C81F1 /* Pods-NameThatTruck.debug.xcconfig */;
			buildSettings = {
				ASSETCATALOG_COMPILER_APPICON_NAME = AppIcon;
				DEVELOPMENT_TEAM = B875NM54ML;
				INFOPLIST_FILE = NameThatTruck/Info.plist;
				LD_RUNPATH_SEARCH_PATHS = "$(inherited) @executable_path/Frameworks";
				PRODUCT_BUNDLE_IDENTIFIER = com.ghostbirdgames.NameThatTruck;
				PRODUCT_NAME = "$(TARGET_NAME)";
				SWIFT_VERSION = 3.0;
			};
			name = Debug;
		};
		349047E41EC23F1E00F8F395 /* Release */ = {
			isa = XCBuildConfiguration;
			baseConfigurationReference = 3A48CD73435232BF41123A68 /* Pods-NameThatTruck.release.xcconfig */;
			buildSettings = {
				ASSETCATALOG_COMPILER_APPICON_NAME = AppIcon;
				DEVELOPMENT_TEAM = B875NM54ML;
				INFOPLIST_FILE = NameThatTruck/Info.plist;
				LD_RUNPATH_SEARCH_PATHS = "$(inherited) @executable_path/Frameworks";
				PRODUCT_BUNDLE_IDENTIFIER = com.ghostbirdgames.NameThatTruck;
				PRODUCT_NAME = "$(TARGET_NAME)";
				SWIFT_VERSION = 3.0;
			};
			name = Release;
		};
/* End XCBuildConfiguration section */

/* Begin XCConfigurationList section */
		349047CB1EC23F1E00F8F395 /* Build configuration list for PBXProject "NameThatTruck" */ = {
			isa = XCConfigurationList;
			buildConfigurations = (
				349047E01EC23F1E00F8F395 /* Debug */,
				349047E11EC23F1E00F8F395 /* Release */,
			);
			defaultConfigurationIsVisible = 0;
			defaultConfigurationName = Release;
		};
		349047E21EC23F1E00F8F395 /* Build configuration list for PBXNativeTarget "NameThatTruck" */ = {
			isa = XCConfigurationList;
			buildConfigurations = (
				349047E31EC23F1E00F8F395 /* Debug */,
				349047E41EC23F1E00F8F395 /* Release */,
			);
			defaultConfigurationIsVisible = 0;
			defaultConfigurationName = Release;
		};
/* End XCConfigurationList section */

/* Begin XCVersionGroup section */
		3490480F1EC2475900F8F395 /* Model.xcdatamodeld */ = {
			isa = XCVersionGroup;
			children = (
				349048101EC2475900F8F395 /* Model.xcdatamodel */,
			);
			currentVersion = 349048101EC2475900F8F395 /* Model.xcdatamodel */;
			path = Model.xcdatamodeld;
			sourceTree = "<group>";
			versionGroupType = wrapper.xcdatamodel;
		};
/* End XCVersionGroup section */
	};
	rootObject = 349047C81EC23F1E00F8F395 /* Project object */;
}
